
Microsoft Visual Studio Solution File, Format Version 12.00
Project("{FAE04EC0-301F-11D3-BF4B-00C04F79EFBC}") = "RulesPattern", "RulesPattern\RulesPattern.csproj", "{2D65FEF5-2B07-4312-AC0F-4B33FDAB1121}"
EndProject
Project("{FAE04EC0-301F-11D3-BF4B-00C04F79EFBC}") = "RulesPattern.Tests", "RulesPattern.Tests\RulesPattern.Tests.csproj", "{B10ACBFB-9ED1-4C41-9B31-0C8DD58F56CB}"
EndProject
Global
	GlobalSection(SolutionConfigurationPlatforms) = preSolution
		Debug|Any CPU = Debug|Any CPU
		Release|Any CPU = Release|Any CPU
	EndGlobalSection
	GlobalSection(NestedProjects) = preSolution
	EndGlobalSection
	GlobalSection(ProjectConfigurationPlatforms) = postSolution
		{2D65FEF5-2B07-4312-AC0F-4B33FDAB1121}.Debug|Any CPU.ActiveCfg = Debug|Any CPU
		{2D65FEF5-2B07-4312-AC0F-4B33FDAB1121}.Debug|Any CPU.Build.0 = Debug|Any CPU
		{2D65FEF5-2B07-4312-AC0F-4B33FDAB1121}.Release|Any CPU.ActiveCfg = Release|Any CPU
		{2D65FEF5-2B07-4312-AC0F-4B33FDAB1121}.Release|Any CPU.Build.0 = Release|Any CPU
		{B10ACBFB-9ED1-4C41-9B31-0C8DD58F56CB}.Debug|Any CPU.ActiveCfg = Debug|Any CPU
		{B10ACBFB-9ED1-4C41-9B31-0C8DD58F56CB}.Debug|Any CPU.Build.0 = Debug|Any CPU
		{B10ACBFB-9ED1-4C41-9B31-0C8DD58F56CB}.Release|Any CPU.ActiveCfg = Release|Any CPU
		{B10ACBFB-9ED1-4C41-9B31-0C8DD58F56CB}.Release|Any CPU.Build.0 = Release|Any CPU
	EndGlobalSection
EndGlobal
